
Microsoft Visual Studio Solution File, Format Version 12.00
# Visual Studio Version 16
VisualStudioVersion = 16.0.30503.244
MinimumVisualStudioVersion = 10.0.40219.1
Project("{FAE04EC0-301F-11D3-BF4B-00C04F79EFBC}") = "DistanceBetweenPoints", "DistanceBetweenPoints.csproj", "{138E07D8-3246-46B5-BDE3-09D1A3AF3400}"
EndProject
Global
	GlobalSection(SolutionConfigurationPlatforms) = preSolution
		Debug|Any CPU = Debug|Any CPU
		Release|Any CPU = Release|Any CPU
	EndGlobalSection
	GlobalSection(ProjectConfigurationPlatforms) = postSolution
		{138E07D8-3246-46B5-BDE3-09D1A3AF3400}.Debug|Any CPU.ActiveCfg = Debug|Any CPU
		{138E07D8-3246-46B5-BDE3-09D1A3AF3400}.Debug|Any CPU.Build.0 = Debug|Any CPU
		{138E07D8-3246-46B5-BDE3-09D1A3AF3400}.Release|Any CPU.ActiveCfg = Release|Any CPU
		{138E07D8-3246-46B5-BDE3-09D1A3AF3400}.Release|Any CPU.Build.0 = Release|Any CPU
	EndGlobalSection
	GlobalSection(SolutionProperties) = preSolution
		HideSolutionNode = FALSE
	EndGlobalSection
	GlobalSection(ExtensibilityGlobals) = postSolution
		SolutionGuid = {220D8D40-2017-41A7-8F9B-19ADCCC405E6}
	EndGlobalSection
EndGlobal
